
Microsoft Visual Studio Solution File, Format Version 12.00
# Visual Studio Version 17
VisualStudioVersion = 17.8.34219.65
MinimumVisualStudioVersion = 10.0.40219.1
Project("{9A19103F-16F7-4668-BE54-9A1E7A4F7556}") = "GraphWebhooks", "GraphWebhooks\GraphWebhooks.csproj", "{568697CC-1094-4221-8EAE-AA8AA120D714}"
EndProject
Global
	GlobalSection(SolutionConfigurationPlatforms) = preSolution
		Debug|Any CPU = Debug|Any CPU
		Release|Any CPU = Release|Any CPU
	EndGlobalSection
	GlobalSection(ProjectConfigurationPlatforms) = postSolution
		{568697CC-1094-4221-8EAE-AA8AA120D714}.Debug|Any CPU.ActiveCfg = Debug|Any CPU
		{568697CC-1094-4221-8EAE-AA8AA120D714}.Debug|Any CPU.Build.0 = Debug|Any CPU
		{568697CC-1094-4221-8EAE-AA8AA120D714}.Release|Any CPU.ActiveCfg = Release|Any CPU
		{568697CC-1094-4221-8EAE-AA8AA120D714}.Release|Any CPU.Build.0 = Release|Any CPU
	EndGlobalSection
	GlobalSection(SolutionProperties) = preSolution
		HideSolutionNode = FALSE
	EndGlobalSection
	GlobalSection(ExtensibilityGlobals) = postSolution
		SolutionGuid = {16E60F69-993A-45C8-9724-538B666DD189}
	EndGlobalSection
EndGlobal
